
Microsoft Visual Studio Solution File, Format Version 12.00
# Visual Studio Version 16
VisualStudioVersion = 25.0.1703.8
MinimumVisualStudioVersion = 10.0.40219.1
Project("{FAE04EC0-301F-11D3-BF4B-00C04F79EFBC}") = "NavbarManagement", "NavbarManagement\NavbarManagement.csproj", "{38CDEECE-46D8-427A-92C2-512365A35875}"
EndProject
Global
	GlobalSection(SolutionConfigurationPlatforms) = preSolution
		Debug|Any CPU = Debug|Any CPU
		Release|Any CPU = Release|Any CPU
	EndGlobalSection
	GlobalSection(ProjectConfigurationPlatforms) = postSolution
		{38CDEECE-46D8-427A-92C2-512365A35875}.Debug|Any CPU.ActiveCfg = Debug|Any CPU
		{38CDEECE-46D8-427A-92C2-512365A35875}.Debug|Any CPU.Build.0 = Debug|Any CPU
		{38CDEECE-46D8-427A-92C2-512365A35875}.Release|Any CPU.ActiveCfg = Release|Any CPU
		{38CDEECE-46D8-427A-92C2-512365A35875}.Release|Any CPU.Build.0 = Release|Any CPU
	EndGlobalSection
	GlobalSection(SolutionProperties) = preSolution
		HideSolutionNode = FALSE
	EndGlobalSection
	GlobalSection(ExtensibilityGlobals) = postSolution
		SolutionGuid = {DDD54B47-4882-47C7-B9B9-D52B890F3485}
	EndGlobalSection
EndGlobal
